{
  "name": "@qingbing/element-form",
  "version": "1.0.1",
  "lockfileVersion": 1,
  "requires": true,
  "dependencies": {
    "moment": {
      "version": "2.29.1",
      "resolved": "https://registry.npmjs.org/moment/-/moment-2.29.1.tgz",
      "integrity": "sha512-kHmoybcPV8Sqy59DwNDY3Jefr64lK/by/da0ViFcuA4DH0vQg5Q6Ze5VimxkfQNSC+Mls/Kx53s7TjP1RhFEDQ=="
    },
    "vue": {
      "version": "2.6.12",
      "resolved": "https://registry.npmjs.org/vue/-/vue-2.6.12.tgz",
      "integrity": "sha512-uhmLFETqPPNyuLLbsKz6ioJ4q7AZHzD8ZVFNATNyICSZouqP2Sz0rotWQC8UNBF6VGSCs5abnKJoStA6JbCbfg=="
    },
    "vue-json-editor": {
      "version": "1.4.3",
      "resolved": "https://registry.npmjs.org/vue-json-editor/-/vue-json-editor-1.4.3.tgz",
      "integrity": "sha512-st9HdXBgCnyEmmfWrZQiKzp4KuYXzmYVUNDn5h6Fa18MrrGS1amnyUFyv7hQFsNBDW27B7BKkdGOqszYT1srAg==",
      "requires": {
        "vue": "^2.2.6"
      }
    }
  }
}
